
Microsoft Visual Studio Solution File, Format Version 12.00
# Visual Studio Version 17
VisualStudioVersion = 17.5.002.0
MinimumVisualStudioVersion = 10.0.40219.1
Project("{9A19103F-16F7-4668-BE54-9A1E7A4F7556}") = "rinha-2024-q1", "rinha-2024-q1.csproj", "{305C7262-B144-492D-945E-4A056B5F4897}"
EndProject
Global
	GlobalSection(SolutionConfigurationPlatforms) = preSolution
		Debug|Any CPU = Debug|Any CPU
		Release|Any CPU = Release|Any CPU
	EndGlobalSection
	GlobalSection(ProjectConfigurationPlatforms) = postSolution
		{305C7262-B144-492D-945E-4A056B5F4897}.Debug|Any CPU.ActiveCfg = Debug|Any CPU
		{305C7262-B144-492D-945E-4A056B5F4897}.Debug|Any CPU.Build.0 = Debug|Any CPU
		{305C7262-B144-492D-945E-4A056B5F4897}.Release|Any CPU.ActiveCfg = Release|Any CPU
		{305C7262-B144-492D-945E-4A056B5F4897}.Release|Any CPU.Build.0 = Release|Any CPU
	EndGlobalSection
	GlobalSection(SolutionProperties) = preSolution
		HideSolutionNode = FALSE
	EndGlobalSection
	GlobalSection(ExtensibilityGlobals) = postSolution
		SolutionGuid = {6324A02E-5A36-4F03-940D-67A659A3C4E0}
	EndGlobalSection
EndGlobal
